
Microsoft Visual Studio Solution File, Format Version 12.00
# Visual Studio Version 17
VisualStudioVersion = 17.10.34916.146
MinimumVisualStudioVersion = 10.0.40219.1
Project("{9A19103F-16F7-4668-BE54-9A1E7A4F7556}") = "LibraryGlobalVectors1Sep2024", "LibraryGlobalVectors1Sep2024\LibraryGlobalVectors1Sep2024.csproj", "{4BA68C00-CA39-4518-9DD8-ADC8F1D35A0B}"
EndProject
Project("{9A19103F-16F7-4668-BE54-9A1E7A4F7556}") = "ConsoleCodeAnalysis1Sep2024", "ConsoleCodeAnalysis1Sep2024\ConsoleCodeAnalysis1Sep2024.csproj", "{6D221467-93FC-410D-B813-99CDA865CFF0}"
EndProject
Project("{9A19103F-16F7-4668-BE54-9A1E7A4F7556}") = "ConsoleCodeAnalysis2Sep2024", "ConsoleCodeAnalysis2Sep2024\ConsoleCodeAnalysis2Sep2024.csproj", "{7F5EF711-EBDE-4942-83C8-61F0278B2C86}"
EndProject
Project("{9A19103F-16F7-4668-BE54-9A1E7A4F7556}") = "ConsoleCodeAnalysis3Sep2024", "ConsoleCodeAnalysis3Sep2024\ConsoleCodeAnalysis3Sep2024.csproj", "{7A914B20-FE81-4B23-8BDD-9115D9F409C5}"
EndProject
Project("{9A19103F-16F7-4668-BE54-9A1E7A4F7556}") = "ConsoleGlobalVectors1Sep2024", "ConsoleGlobalVectors1Sep2024\ConsoleGlobalVectors1Sep2024.csproj", "{51E2B151-A186-486C-92D1-3E81B702043A}"
EndProject
Project("{9A19103F-16F7-4668-BE54-9A1E7A4F7556}") = "ConsoleGlobalVectors1Sep2024_300d", "ConsoleGlobalVectors1Sep2024_300d\ConsoleGlobalVectors1Sep2024_300d.csproj", "{915DFFDA-9AF9-4079-BBD9-31BA43AE0783}"
EndProject
Project("{9A19103F-16F7-4668-BE54-9A1E7A4F7556}") = "ConsoleGlobalVectors2Sep2024", "ConsoleGlobalVectors2Sep2024\ConsoleGlobalVectors2Sep2024.csproj", "{9369C6EC-4B85-4434-8238-67CA9ADE15F9}"
EndProject
Project("{9A19103F-16F7-4668-BE54-9A1E7A4F7556}") = "ConsoleGlobalVectors2Sep2024_200d", "ConsoleGlobalVectors2Sep2024_200d\ConsoleGlobalVectors2Sep2024_200d.csproj", "{92FA22AA-94E6-4A6B-92E8-31D92FB63C4B}"
EndProject
Project("{9A19103F-16F7-4668-BE54-9A1E7A4F7556}") = "LibraryDimensionalityReducer1Sep2024", "LibraryDimensionalityReducer1Sep2024\LibraryDimensionalityReducer1Sep2024.csproj", "{6A2AA3ED-BA40-4A54-A159-5D5B7C6EFBCD}"
EndProject
Project("{9A19103F-16F7-4668-BE54-9A1E7A4F7556}") = "LibraryHopfieldNetwork1Sep2024", "LibraryHopfieldNetwork1Sep2024\LibraryHopfieldNetwork1Sep2024.csproj", "{1BD0DD1C-8306-4FDE-82C1-B660B74C3B47}"
EndProject
Project("{9A19103F-16F7-4668-BE54-9A1E7A4F7556}") = "LibraryPerceptron1Sep2024", "LibraryPerceptron1Sep2024\LibraryPerceptron1Sep2024.csproj", "{BA015A7B-A45C-44B5-8CE2-FF82CB4A19A2}"
EndProject
Project("{9A19103F-16F7-4668-BE54-9A1E7A4F7556}") = "ConsoleGlobalVectors2Sep2024_300d", "ConsoleGlobalVectors2Sep2024_300d\ConsoleGlobalVectors2Sep2024_300d.csproj", "{37F75E26-DCE2-4337-B2FE-19C7A5754B77}"
EndProject
Project("{9A19103F-16F7-4668-BE54-9A1E7A4F7556}") = "ConsoleGlobalVectors3Sep2024_50d", "ConsoleGlobalVectors3Sep2024_50d\ConsoleGlobalVectors3Sep2024_50d.csproj", "{A63466A3-C73B-4D52-949A-B29833E6A0BF}"
EndProject
Project("{9A19103F-16F7-4668-BE54-9A1E7A4F7556}") = "ConsoleGlobalVectors3Sep2024_300d", "ConsoleGlobalVectors3Sep2024_300d\ConsoleGlobalVectors3Sep2024_300d.csproj", "{E2F88F57-3CC6-4CA8-ACBC-7F738BF03218}"
EndProject
Project("{9A19103F-16F7-4668-BE54-9A1E7A4F7556}") = "ConsoleGlobalVectors4Sep2024", "ConsoleGlobalVectors4Sep2024\ConsoleGlobalVectors4Sep2024.csproj", "{15F3FADB-E06E-43FF-AB53-DEF0198AECDF}"
EndProject
Project("{9A19103F-16F7-4668-BE54-9A1E7A4F7556}") = "ConsoleGlobalVectors4Sep2024_100d", "ConsoleGlobalVectors4Sep2024_100d\ConsoleGlobalVectors4Sep2024_100d.csproj", "{53D8D9B8-FF9F-49B3-A24E-9DEC8CDF713A}"
EndProject
Project("{9A19103F-16F7-4668-BE54-9A1E7A4F7556}") = "ConsoleGlobalVectors4Sep2024_200d", "ConsoleGlobalVectors4Sep2024_200d\ConsoleGlobalVectors4Sep2024_200d.csproj", "{0768FAC6-EFF1-4EF2-9835-797CBBE71BE1}"
EndProject
Project("{9A19103F-16F7-4668-BE54-9A1E7A4F7556}") = "ConsoleGlobalVectors4Sep2024_300d", "ConsoleGlobalVectors4Sep2024_300d\ConsoleGlobalVectors4Sep2024_300d.csproj", "{003A2191-2DEC-4E00-9F9F-6686ACC52FB6}"
EndProject
Project("{9A19103F-16F7-4668-BE54-9A1E7A4F7556}") = "ConsoleGloVeNearestNeighbors1Sep2024", "ConsoleGloVeNearestNeighbors1Sep2024\ConsoleGloVeNearestNeighbors1Sep2024.csproj", "{369EDE9E-1EFD-4102-B340-B2538AD3BC3F}"
EndProject
Project("{9A19103F-16F7-4668-BE54-9A1E7A4F7556}") = "ConsoleGloVeNearestNeighbors1Sep2024_300d", "ConsoleGloVeNearestNeighbors1Sep2024_300d\ConsoleGloVeNearestNeighbors1Sep2024_300d.csproj", "{D1DD8A7C-DA43-4591-A1FF-66E7698A18CC}"
EndProject
Project("{9A19103F-16F7-4668-BE54-9A1E7A4F7556}") = "ConsoleGloVeNearestNeighbors2Sep2024", "ConsoleGloVeNearestNeighbors2Sep2024\ConsoleGloVeNearestNeighbors2Sep2024.csproj", "{23D9DF4C-310F-454F-BA3E-43C1B8DB9F01}"
EndProject
Project("{9A19103F-16F7-4668-BE54-9A1E7A4F7556}") = "ConsoleGloVeNearestNeighbors2Sep2024_200d", "ConsoleGloVeNearestNeighbors2Sep2024_200d\ConsoleGloVeNearestNeighbors2Sep2024_200d.csproj", "{34DD5297-1F6C-4D7B-A670-21FCD4F445F6}"
EndProject
Project("{9A19103F-16F7-4668-BE54-9A1E7A4F7556}") = "ConsoleGloVeNearestNeighbors3Sep2024", "ConsoleGloVeNearestNeighbors3Sep2024\ConsoleGloVeNearestNeighbors3Sep2024.csproj", "{790FB4DC-D753-4B17-B2D6-16B7EAE56838}"
EndProject
Project("{9A19103F-16F7-4668-BE54-9A1E7A4F7556}") = "ConsoleGloVeNearestNeighbors3Sep2024_100d", "ConsoleGloVeNearestNeighbors3Sep2024_100d\ConsoleGloVeNearestNeighbors3Sep2024_100d.csproj", "{B7A7F199-A731-432B-BC24-93CB678D6215}"
EndProject
Project("{9A19103F-16F7-4668-BE54-9A1E7A4F7556}") = "ConsoleGloVeNearestNeighbors4Sep2024", "ConsoleGloVeNearestNeighbors4Sep2024\ConsoleGloVeNearestNeighbors4Sep2024.csproj", "{54AFD806-75E8-4B87-BD9A-80F5E49DA0C3}"
EndProject
Project("{9A19103F-16F7-4668-BE54-9A1E7A4F7556}") = "ConsoleGloVeNearestNeighbors5Sep2024", "ConsoleGloVeNearestNeighbors5Sep2024\ConsoleGloVeNearestNeighbors5Sep2024.csproj", "{E808FCAD-41CF-42B9-B44C-6FA5853CCA2D}"
EndProject
Project("{9A19103F-16F7-4668-BE54-9A1E7A4F7556}") = "ConsoleGloVeNearestNeighbors6Sep2024", "ConsoleGloVeNearestNeighbors6Sep2024\ConsoleGloVeNearestNeighbors6Sep2024.csproj", "{7F1281FD-E2DD-431A-B753-CEC35FC3BA5A}"
EndProject
Project("{9A19103F-16F7-4668-BE54-9A1E7A4F7556}") = "ConsoleGloVeNearestNeighbors6Sep2024_300d", "ConsoleGloVeNearestNeighbors6Sep2024_300d\ConsoleGloVeNearestNeighbors6Sep2024_300d.csproj", "{E7E9DEF2-6FB1-499B-8822-E7FA779529AB}"
EndProject
Project("{9A19103F-16F7-4668-BE54-9A1E7A4F7556}") = "ConsoleHopfieldNetwork1Sep2024", "ConsoleHopfieldNetwork1Sep2024\ConsoleHopfieldNetwork1Sep2024.csproj", "{93705B07-360A-4942-8EDF-F0B50490D6E8}"
EndProject
Project("{9A19103F-16F7-4668-BE54-9A1E7A4F7556}") = "ConsoleMahalanobis1Sep2024", "ConsoleMahalanobis1Sep2024\ConsoleMahalanobis1Sep2024.csproj", "{B24A1414-C78B-4376-99AC-56D11922119C}"
EndProject
Project("{9A19103F-16F7-4668-BE54-9A1E7A4F7556}") = "ConsoleMahalanobis2Sep2024", "ConsoleMahalanobis2Sep2024\ConsoleMahalanobis2Sep2024.csproj", "{2E984BE8-2438-477C-A0EE-772D8EF7F7C9}"
EndProject
Project("{9A19103F-16F7-4668-BE54-9A1E7A4F7556}") = "ConsolePerceptron1Sep2024", "ConsolePerceptron1Sep2024\ConsolePerceptron1Sep2024.csproj", "{5256A9DF-B831-441C-ADFE-6398F07DC5B7}"
EndProject
Project("{9A19103F-16F7-4668-BE54-9A1E7A4F7556}") = "ConsolePerceptronGloVe1Sep2024", "ConsolePerceptronGloVe1Sep2024\ConsolePerceptronGloVe1Sep2024.csproj", "{57E9A4CC-F781-47CE-8A2D-006D86186CF2}"
EndProject
Project("{9A19103F-16F7-4668-BE54-9A1E7A4F7556}") = "ConsolePerceptronGloVe1Sep2024_200d", "ConsolePerceptronGloVe1Sep2024_200d\ConsolePerceptronGloVe1Sep2024_200d.csproj", "{E9D48789-3CC0-49E1-A90E-66B8B4B8719C}"
EndProject
Project("{9A19103F-16F7-4668-BE54-9A1E7A4F7556}") = "ConsolePerceptronGloVe2Sep2024", "ConsolePerceptronGloVe2Sep2024\ConsolePerceptronGloVe2Sep2024.csproj", "{F003E43E-06B2-4A27-9BB3-CD16F22B5173}"
EndProject
Project("{9A19103F-16F7-4668-BE54-9A1E7A4F7556}") = "ConsolePerceptronGloVe3Sep2024", "ConsolePerceptronGloVe3Sep2024\ConsolePerceptronGloVe3Sep2024.csproj", "{B6BDF9FF-BE68-42C3-8FA4-AF5829549176}"
EndProject
Project("{9A19103F-16F7-4668-BE54-9A1E7A4F7556}") = "ConsolePerceptronGloVe4Sep2024", "ConsolePerceptronGloVe4Sep2024\ConsolePerceptronGloVe4Sep2024.csproj", "{A15A1DF0-7778-4408-8705-38F9E3C65ECC}"
EndProject
Project("{9A19103F-16F7-4668-BE54-9A1E7A4F7556}") = "ConsolePerceptronGloVe5Sep2024", "ConsolePerceptronGloVe5Sep2024\ConsolePerceptronGloVe5Sep2024.csproj", "{F727B32C-46A9-4ED3-8CF2-D97C878521D9}"
EndProject
Project("{9A19103F-16F7-4668-BE54-9A1E7A4F7556}") = "ConsolePerceptronGloVe6Sep2024", "ConsolePerceptronGloVe6Sep2024\ConsolePerceptronGloVe6Sep2024.csproj", "{1B71868A-FE8A-40FA-9A50-A703A6EE8A74}"
EndProject
Project("{9A19103F-16F7-4668-BE54-9A1E7A4F7556}") = "LibrarySimpleRNN1Sep2024", "LibrarySimpleRNN1Sep2024\LibrarySimpleRNN1Sep2024.csproj", "{00B26B58-9C1E-4CA7-85C5-59B2A13AC007}"
EndProject
Project("{9A19103F-16F7-4668-BE54-9A1E7A4F7556}") = "LibrarySimpleRNN1Oct2024", "LibrarySimpleRNN1Oct2024\LibrarySimpleRNN1Oct2024.csproj", "{2DAC487C-8F5E-42D8-8E5F-458533FDD660}"
EndProject
Project("{9A19103F-16F7-4668-BE54-9A1E7A4F7556}") = "ConsoleSimpleRNN1Oct2024", "ConsoleSimpleRNN1Oct2024\ConsoleSimpleRNN1Oct2024.csproj", "{BD131913-F709-4789-9C0E-22B3E7BC91D9}"
EndProject
Project("{9A19103F-16F7-4668-BE54-9A1E7A4F7556}") = "ConsoleSimpleRNN1Sep2024", "ConsoleSimpleRNN1Sep2024\ConsoleSimpleRNN1Sep2024.csproj", "{06B5FA5A-6008-4718-92D4-A3A0E76F1364}"
EndProject
Project("{9A19103F-16F7-4668-BE54-9A1E7A4F7556}") = "ConsoleSimpleRNN2Oct2024", "ConsoleSimpleRNN2Oct2024\ConsoleSimpleRNN2Oct2024.csproj", "{3EB59059-315A-4707-8B67-CBD788AE2E3C}"
EndProject
Project("{9A19103F-16F7-4668-BE54-9A1E7A4F7556}") = "ConsoleSimpleRNN3Oct2024", "ConsoleSimpleRNN3Oct2024\ConsoleSimpleRNN3Oct2024.csproj", "{034BA036-BD01-467A-A692-A20E9AFFE3A4}"
EndProject
Project("{9A19103F-16F7-4668-BE54-9A1E7A4F7556}") = "ConsoleSimpleRNN4Oct2024", "ConsoleSimpleRNN4Oct2024\ConsoleSimpleRNN4Oct2024.csproj", "{2C5AC0D4-5EB0-40A4-B72D-8D8160AE2E5D}"
EndProject
Project("{9A19103F-16F7-4668-BE54-9A1E7A4F7556}") = "ConsoleSimpleRNN5Oct2024", "ConsoleSimpleRNN5Oct2024\ConsoleSimpleRNN5Oct2024.csproj", "{1DD4280E-DB8C-406D-83AE-F3F04483FFD7}"
EndProject
Project("{9A19103F-16F7-4668-BE54-9A1E7A4F7556}") = "UnitTestsHopfieldNetwork1Sep2024", "UnitTestsHopfieldNetwork1Sep2024\UnitTestsHopfieldNetwork1Sep2024.csproj", "{9DFC5466-90FD-46FB-BEA1-832EA589E35B}"
EndProject
Project("{9A19103F-16F7-4668-BE54-9A1E7A4F7556}") = "UnitTestsPerceptron1Sep2024", "UnitTestsPerceptron1Sep2024\UnitTestsPerceptron1Sep2024.csproj", "{3DEBC7B7-9508-429B-9619-4E172861C404}"
EndProject
Project("{9A19103F-16F7-4668-BE54-9A1E7A4F7556}") = "WinFormsGloVe1Sep2024", "WinFormsGloVe1Sep2024\WinFormsGloVe1Sep2024.csproj", "{5CB5EFD8-B715-4981-BAB9-D638D73CA6E8}"
EndProject
Project("{9A19103F-16F7-4668-BE54-9A1E7A4F7556}") = "WinFormsHopfieldNetwork1Sep2024", "WinFormsHopfieldNetwork1Sep2024\WinFormsHopfieldNetwork1Sep2024.csproj", "{A323C82D-F01C-4B2D-916B-960D45A3DE61}"
EndProject
Project("{9A19103F-16F7-4668-BE54-9A1E7A4F7556}") = "WinFormsHopfieldNetwork2Sep2024", "WinFormsHopfieldNetwork2Sep2024\WinFormsHopfieldNetwork2Sep2024.csproj", "{892B9564-04D0-4212-A974-B647235EB8E2}"
EndProject
Project("{9A19103F-16F7-4668-BE54-9A1E7A4F7556}") = "WinFormsHopfieldNetwork3Sep2024", "WinFormsHopfieldNetwork3Sep2024\WinFormsHopfieldNetwork3Sep2024.csproj", "{236AD64C-54EA-45BB-AEC3-E69B8FDE4C5B}"
EndProject
Project("{9A19103F-16F7-4668-BE54-9A1E7A4F7556}") = "ConsoleSimpleRNNGloVe1Oct2024", "ConsoleSimpleRNNGloVe1Oct2024\ConsoleSimpleRNNGloVe1Oct2024.csproj", "{6E085614-A646-46B7-A048-319762471D45}"
EndProject
Project("{9A19103F-16F7-4668-BE54-9A1E7A4F7556}") = "ConsoleSimpleRNNGloVe1Oct2024_300d", "ConsoleSimpleRNNGloVe1Oct2024_300d\ConsoleSimpleRNNGloVe1Oct2024_300d.csproj", "{AE617238-8D5D-43EE-AEB1-90CCBD1B50A6}"
EndProject
Project("{9A19103F-16F7-4668-BE54-9A1E7A4F7556}") = "ConsoleSimpleRNNGloVe1Sep2024", "ConsoleSimpleRNNGloVe1Sep2024\ConsoleSimpleRNNGloVe1Sep2024.csproj", "{56B2D541-02E4-446F-AE2A-A736ED3CDBD5}"
EndProject
Project("{9A19103F-16F7-4668-BE54-9A1E7A4F7556}") = "ConsoleSimpleRNNGloVe2Oct2024", "ConsoleSimpleRNNGloVe2Oct2024\ConsoleSimpleRNNGloVe2Oct2024.csproj", "{C69098FD-D998-4208-ACA1-0A3D85518B0B}"
EndProject
Project("{9A19103F-16F7-4668-BE54-9A1E7A4F7556}") = "ConsoleSimpleRNNGloVe3Oct2024", "ConsoleSimpleRNNGloVe3Oct2024\ConsoleSimpleRNNGloVe3Oct2024.csproj", "{6A36EE00-B61C-4D70-939C-5635699C21A6}"
EndProject
Project("{9A19103F-16F7-4668-BE54-9A1E7A4F7556}") = "ConsoleSimpleRNNGloVe4Oct2024", "ConsoleSimpleRNNGloVe4Oct2024\ConsoleSimpleRNNGloVe4Oct2024.csproj", "{E150488F-6DD5-4A2D-8581-2060A282828F}"
EndProject
Project("{9A19103F-16F7-4668-BE54-9A1E7A4F7556}") = "ConsoleSimpleRNNGloVe5Oct2024_200d", "ConsoleSimpleRNNGloVe5Oct2024_200d\ConsoleSimpleRNNGloVe5Oct2024_200d.csproj", "{8E4B4261-A173-4355-AF87-AFC9D73FD935}"
EndProject
Project("{9A19103F-16F7-4668-BE54-9A1E7A4F7556}") = "ConsoleSimpleRNNGloVe5Oct2024", "ConsoleSimpleRNNGloVe5Oct2024\ConsoleSimpleRNNGloVe5Oct2024.csproj", "{28F7A852-88CA-4E37-BA62-B97A0A0F7D8B}"
EndProject
Project("{9A19103F-16F7-4668-BE54-9A1E7A4F7556}") = "ConsoleSimpleRNNGloVe6Oct2024", "ConsoleSimpleRNNGloVe6Oct2024\ConsoleSimpleRNNGloVe6Oct2024.csproj", "{D975A73B-8197-4319-A67D-63A2FD3518A3}"
EndProject
Project("{9A19103F-16F7-4668-BE54-9A1E7A4F7556}") = "ConsoleSimpleRNNGloVe7Oct2024", "ConsoleSimpleRNNGloVe7Oct2024\ConsoleSimpleRNNGloVe7Oct2024.csproj", "{087BC4C9-0760-49A2-9D36-6D1CEE16E68F}"
EndProject
Project("{9A19103F-16F7-4668-BE54-9A1E7A4F7556}") = "ConsoleSimpleRNNGloVe8Oct2024", "ConsoleSimpleRNNGloVe8Oct2024\ConsoleSimpleRNNGloVe8Oct2024.csproj", "{76928F41-5A59-408D-B30F-CF4140C6E53F}"
EndProject
Project("{9A19103F-16F7-4668-BE54-9A1E7A4F7556}") = "ConsoleSimpleRNNGloVe9Oct2024", "ConsoleSimpleRNNGloVe9Oct2024\ConsoleSimpleRNNGloVe9Oct2024.csproj", "{6FAA0489-4E0E-43EC-A71D-4094A01AEA7A}"
EndProject
Project("{9A19103F-16F7-4668-BE54-9A1E7A4F7556}") = "ConsoleSimpleRNNGloVe9Oct2024_100d", "ConsoleSimpleRNNGloVe9Oct2024_100d\ConsoleSimpleRNNGloVe9Oct2024_100d.csproj", "{61EE68DC-2496-4873-AF16-0A680BCEEE5B}"
EndProject
Project("{9A19103F-16F7-4668-BE54-9A1E7A4F7556}") = "ConsoleSimpleRNNGloVe10Oct2024", "ConsoleSimpleRNNGloVe10Oct2024\ConsoleSimpleRNNGloVe10Oct2024.csproj", "{4AFBA6A9-405C-43DB-8808-0E916E27F5FF}"
EndProject
Project("{9A19103F-16F7-4668-BE54-9A1E7A4F7556}") = "ConsoleSimpleRNNGloVe10Oct2024_300d", "ConsoleSimpleRNNGloVe10Oct2024_300d\ConsoleSimpleRNNGloVe10Oct2024_300d.csproj", "{577B82A1-0D11-4B2C-B893-E0326C119AC7}"
EndProject
Project("{9A19103F-16F7-4668-BE54-9A1E7A4F7556}") = "ConsoleSimpleRNNGloVe11Oct2024", "ConsoleSimpleRNNGloVe11Oct2024\ConsoleSimpleRNNGloVe11Oct2024.csproj", "{A3853A40-9446-4B87-94CA-F1B7A490BBA7}"
EndProject
Project("{9A19103F-16F7-4668-BE54-9A1E7A4F7556}") = "ConsoleSimpleRNNGloVe12Oct2024", "ConsoleSimpleRNNGloVe12Oct2024\ConsoleSimpleRNNGloVe12Oct2024.csproj", "{636097EB-1258-40FC-BE9B-F6C41CC90724}"
EndProject
Project("{9A19103F-16F7-4668-BE54-9A1E7A4F7556}") = "ConsoleSimpleRNNGloVe12Oct2024_100d", "ConsoleSimpleRNNGloVe12Oct2024_100d\ConsoleSimpleRNNGloVe12Oct2024_100d.csproj", "{FEF185E4-ACDA-4CD9-9A3D-E4342F08142C}"
EndProject
Project("{FAE04EC0-301F-11D3-BF4B-00C04F79EFBC}") = "ConsoleCodeAnalysis4Sep2024", "ConsoleCodeAnalysis4Sep2024\ConsoleCodeAnalysis4Sep2024.csproj", "{C506F47D-B78F-4239-A4CC-C1580F616A76}"
EndProject
Project("{FAE04EC0-301F-11D3-BF4B-00C04F79EFBC}") = "ConsoleCodeAnalysis5Sep2024", "ConsoleCodeAnalysis5Sep2024\ConsoleCodeAnalysis5Sep2024.csproj", "{F32679A3-4B4C-4503-A065-7EA1478B5D22}"
EndProject
Project("{FAE04EC0-301F-11D3-BF4B-00C04F79EFBC}") = "ConsoleCodeAnalysis6Sep2024", "ConsoleCodeAnalysis6Sep2024\ConsoleCodeAnalysis6Sep2024.csproj", "{8D1EBF79-F51C-40B0-8043-E553D7A542BC}"
EndProject
Project("{FAE04EC0-301F-11D3-BF4B-00C04F79EFBC}") = "ConsoleCodeAnalysis8Sep2024", "ConsoleCodeAnalysis8Sep2024\ConsoleCodeAnalysis8Sep2024.csproj", "{039110BF-771C-4C7C-BD08-EE37E5BD6482}"
EndProject
Project("{FAE04EC0-301F-11D3-BF4B-00C04F79EFBC}") = "ConsoleCodeAnalysis11Sep2024", "ConsoleCodeAnalysis11Sep2024\ConsoleCodeAnalysis11Sep2024.csproj", "{46081D13-69B5-4E01-BE05-6ECC0FC27E70}"
EndProject
Project("{FAE04EC0-301F-11D3-BF4B-00C04F79EFBC}") = "ConsoleCodeAnalysis12Sep2024", "ConsoleCodeAnalysis12Sep2024\ConsoleCodeAnalysis12Sep2024.csproj", "{0251BECD-7D72-41E1-9D37-28C3FE099980}"
EndProject
Project("{FAE04EC0-301F-11D3-BF4B-00C04F79EFBC}") = "ConsoleCodeAnalysis13Sep2024", "ConsoleCodeAnalysis13Sep2024\ConsoleCodeAnalysis13Sep2024.csproj", "{F39E5A6B-8919-446F-8D32-827F89D42407}"
EndProject
Project("{FAE04EC0-301F-11D3-BF4B-00C04F79EFBC}") = "ConsoleCodeAnalysis14Sep2024", "ConsoleCodeAnalysis14Sep2024\ConsoleCodeAnalysis14Sep2024.csproj", "{11198F81-4503-4CA5-98FC-EE4963FC5196}"
EndProject
Project("{FAE04EC0-301F-11D3-BF4B-00C04F79EFBC}") = "ConsoleCodeAnalysis15Sep2024", "ConsoleCodeAnalysis15Sep2024\ConsoleCodeAnalysis15Sep2024.csproj", "{3174F200-F3CE-4073-A057-0F6228A7D2C1}"
EndProject
Project("{FAE04EC0-301F-11D3-BF4B-00C04F79EFBC}") = "ConsoleCodeAnalysis16Sep2024", "ConsoleCodeAnalysis16Sep2024\ConsoleCodeAnalysis16Sep2024.csproj", "{435E1647-4B7A-4CDF-A0A2-36BF9F6152A8}"
EndProject
Project("{FAE04EC0-301F-11D3-BF4B-00C04F79EFBC}") = "ConsoleCodeAnalysis18Sep2024", "ConsoleCodeAnalysis18Sep2024\ConsoleCodeAnalysis18Sep2024.csproj", "{BD28B3BE-C001-4D7E-B7FC-53EE2B06F788}"
EndProject
Project("{FAE04EC0-301F-11D3-BF4B-00C04F79EFBC}") = "ConsoleCodeAnalysis19Sep2024", "ConsoleCodeAnalysis19Sep2024\ConsoleCodeAnalysis19Sep2024.csproj", "{4455B678-706F-4964-8780-51AA805AEA94}"
EndProject
Project("{FAE04EC0-301F-11D3-BF4B-00C04F79EFBC}") = "ConsoleCodeAnalysis21Sep2024", "ConsoleCodeAnalysis21Sep2024\ConsoleCodeAnalysis21Sep2024.csproj", "{C20A6161-A049-4615-B324-5A6BF2367E62}"
EndProject
Project("{FAE04EC0-301F-11D3-BF4B-00C04F79EFBC}") = "ConsoleCodeAnalysis22Sep2024", "ConsoleCodeAnalysis22Sep2024\ConsoleCodeAnalysis22Sep2024.csproj", "{8DE07113-C3F0-482E-8137-6A9E6AED2883}"
EndProject
Project("{FAE04EC0-301F-11D3-BF4B-00C04F79EFBC}") = "ConsoleCodeAnalysis23Sep2024", "ConsoleCodeAnalysis23Sep2024\ConsoleCodeAnalysis23Sep2024.csproj", "{8A01E3F5-0D60-4D92-8EDB-6DDB00847B05}"
EndProject
Project("{FAE04EC0-301F-11D3-BF4B-00C04F79EFBC}") = "ConsoleCodeAnalysis1Sep2024_IEnumerable1", "ConsoleCodeAnalysis1Sep2024_IEnumerable1\ConsoleCodeAnalysis1Sep2024_IEnumerable1.csproj", "{14E0AAA2-B4BE-4626-9BF1-303ABF45789C}"
EndProject
Project("{FAE04EC0-301F-11D3-BF4B-00C04F79EFBC}") = "ConsoleIEnumerable1", "ConsoleIEnumerable1\ConsoleIEnumerable1.csproj", "{E21BA6AC-3B2C-41CE-B0B7-4892A39F04C5}"
EndProject
Project("{FAE04EC0-301F-11D3-BF4B-00C04F79EFBC}") = "ConsoleCodeAnalysis1Sep2024_IEnumerable1_2", "ConsoleCodeAnalysis1Sep2024_IEnumerable1_2\ConsoleCodeAnalysis1Sep2024_IEnumerable1_2.csproj", "{06E8187C-C79B-4F8E-A207-27CAF82615B1}"
EndProject
Project("{FAE04EC0-301F-11D3-BF4B-00C04F79EFBC}") = "ConsoleCodeAnalysis1Sep2024_2", "ConsoleCodeAnalysis1Sep2024_2\ConsoleCodeAnalysis1Sep2024_2.csproj", "{AA1CA8A5-2159-4CCD-9122-0B1B89E0CCCD}"
EndProject
Project("{FAE04EC0-301F-11D3-BF4B-00C04F79EFBC}") = "ConsoleCodeAnalysis1Sep2024_IComparable1", "ConsoleCodeAnalysis1Sep2024_IComparable1\ConsoleCodeAnalysis1Sep2024_IComparable1.csproj", "{79BC54AF-7198-49A0-B272-EB02C4F8B3B8}"
EndProject
Project("{FAE04EC0-301F-11D3-BF4B-00C04F79EFBC}") = "ConsoleCodeAnalysis1Sep2024_IDisposable1", "ConsoleCodeAnalysis1Sep2024_IDisposable1\ConsoleCodeAnalysis1Sep2024_IDisposable1.csproj", "{789B92C7-BB3C-4F65-A662-F595B00C39D1}"
EndProject
Project("{FAE04EC0-301F-11D3-BF4B-00C04F79EFBC}") = "ConsoleCodeAnalysis1Sep2024_ICloneable1", "ConsoleCodeAnalysis1Sep2024_ICloneable1\ConsoleCodeAnalysis1Sep2024_ICloneable1.csproj", "{0B15E8FF-017A-4034-9B67-C40F3FF5A50B}"
EndProject
Project("{FAE04EC0-301F-11D3-BF4B-00C04F79EFBC}") = "ConsoleCodeAnalysis1Sep2024_IEquatable1", "ConsoleCodeAnalysis1Sep2024_IEquatable1\ConsoleCodeAnalysis1Sep2024_IEquatable1.csproj", "{1B985E99-27B0-4143-BEBE-1A6685D6137F}"
EndProject
Project("{FAE04EC0-301F-11D3-BF4B-00C04F79EFBC}") = "ConsoleCodeAnalysis1Sep2024_IComparer1", "ConsoleCodeAnalysis1Sep2024_IComparer1\ConsoleCodeAnalysis1Sep2024_IComparer1.csproj", "{D17470E7-DF89-44E0-9C48-31DD9FA8E83F}"
EndProject
Project("{FAE04EC0-301F-11D3-BF4B-00C04F79EFBC}") = "ConsoleCodeAnalysis1Sep2024_IObservable1", "ConsoleCodeAnalysis1Sep2024_IObservable1\ConsoleCodeAnalysis1Sep2024_IObservable1.csproj", "{AA2AF10E-E4E0-4ED9-A55D-4B417FCC85D8}"
EndProject
Project("{FAE04EC0-301F-11D3-BF4B-00C04F79EFBC}") = "ConsoleCodeAnalysis1Sep2024_IFormattable1", "ConsoleCodeAnalysis1Sep2024_IFormattable1\ConsoleCodeAnalysis1Sep2024_IFormattable1.csproj", "{8BE80681-F5AA-4DF2-BD44-E655BC766AEB}"
EndProject
Project("{FAE04EC0-301F-11D3-BF4B-00C04F79EFBC}") = "ConsoleCodeAnalysis1Sep2024_IEnumerable2", "ConsoleCodeAnalysis1Sep2024_IEnumerable2\ConsoleCodeAnalysis1Sep2024_IEnumerable2.csproj", "{2FEF4894-BB10-4A3B-A8D2-13161B400509}"
EndProject
Project("{FAE04EC0-301F-11D3-BF4B-00C04F79EFBC}") = "ConsoleCodeAnalysis1Sep2024_IComparable2", "ConsoleCodeAnalysis1Sep2024_IComparable2\ConsoleCodeAnalysis1Sep2024_IComparable2.csproj", "{42A4B89C-7988-451E-974F-9C3DE42A375A}"
EndProject
Project("{FAE04EC0-301F-11D3-BF4B-00C04F79EFBC}") = "ConsoleCodeAnalysis1Sep2024_IObservable2", "ConsoleCodeAnalysis1Sep2024_IObservable2\ConsoleCodeAnalysis1Sep2024_IObservable2.csproj", "{891E2459-3667-4442-92DB-B05D33D17A9C}"
EndProject
Project("{FAE04EC0-301F-11D3-BF4B-00C04F79EFBC}") = "ConsoleCodeAnalysis1Sep2024_IFormattable2", "ConsoleCodeAnalysis1Sep2024_IFormattable2\ConsoleCodeAnalysis1Sep2024_IFormattable2.csproj", "{733F02B0-913A-41DB-9B82-162E2B6D6EAE}"
EndProject
Project("{FAE04EC0-301F-11D3-BF4B-00C04F79EFBC}") = "ConsoleCodeAnalysis1Sep2024_IEnumerable3", "ConsoleCodeAnalysis1Sep2024_IEnumerable3\ConsoleCodeAnalysis1Sep2024_IEnumerable3.csproj", "{1E39A737-97A3-4199-80A4-6A7C9234DFFD}"
EndProject
Project("{FAE04EC0-301F-11D3-BF4B-00C04F79EFBC}") = "ConsoleCodeAnalysis1Sep2024_IEquatable3", "ConsoleCodeAnalysis1Sep2024_IEquatable3\ConsoleCodeAnalysis1Sep2024_IEquatable3.csproj", "{BD66C9BA-2462-403F-84A1-806601FC948E}"
EndProject
Project("{FAE04EC0-301F-11D3-BF4B-00C04F79EFBC}") = "ConsoleCodeAnalysis1Sep2024_IFormattable4", "ConsoleCodeAnalysis1Sep2024_IFormattable4\ConsoleCodeAnalysis1Sep2024_IFormattable4.csproj", "{8E006099-2CBC-4F13-AE31-6DCC35E40E18}"
EndProject
Project("{FAE04EC0-301F-11D3-BF4B-00C04F79EFBC}") = "ConsoleCodeAnalysis4Sep2024_ICloneable1", "ConsoleCodeAnalysis4Sep2024_ICloneable1\ConsoleCodeAnalysis4Sep2024_ICloneable1.csproj", "{5FD5743B-E4C2-4AF4-B379-11102BEEFB7E}"
EndProject
Project("{FAE04EC0-301F-11D3-BF4B-00C04F79EFBC}") = "ConsoleCodeAnalysis4Sep2024_IComparable1", "ConsoleCodeAnalysis4Sep2024_IComparable1\ConsoleCodeAnalysis4Sep2024_IComparable1.csproj", "{1CB94F3D-D510-4279-AE8C-5C69D0FB56FF}"
EndProject
Project("{FAE04EC0-301F-11D3-BF4B-00C04F79EFBC}") = "ConsoleCodeAnalysis30Sep2024", "ConsoleCodeAnalysis30Sep2024\ConsoleCodeAnalysis30Sep2024.csproj", "{484FFAAC-455D-4E2F-B444-136F273A3708}"
EndProject
Project("{FAE04EC0-301F-11D3-BF4B-00C04F79EFBC}") = "ConsoleCodeAnalysis6Sep2024_IDisposable1", "ConsoleCodeAnalysis6Sep2024_IDisposable1\ConsoleCodeAnalysis6Sep2024_IDisposable1.csproj", "{7F1705BC-EA8C-4EBA-AF3A-7BB621CF2878}"
EndProject
Project("{FAE04EC0-301F-11D3-BF4B-00C04F79EFBC}") = "ConsoleCodeAnalysis11Sep2024_IEnumerable1", "ConsoleCodeAnalysis11Sep2024_IEnumerable1\ConsoleCodeAnalysis11Sep2024_IEnumerable1.csproj", "{3C6C7518-42E0-4804-A13D-29E31F01C28C}"
EndProject
Project("{FAE04EC0-301F-11D3-BF4B-00C04F79EFBC}") = "ConsoleCodeAnalysis16Sep2024_IEquatable1", "ConsoleCodeAnalysis16Sep2024_IEquatable1\ConsoleCodeAnalysis16Sep2024_IEquatable1.csproj", "{5B402057-705B-4898-982A-20BCFBB34C82}"
EndProject
Global
	GlobalSection(SolutionConfigurationPlatforms) = preSolution
		Debug|Any CPU = Debug|Any CPU
		Release|Any CPU = Release|Any CPU
	EndGlobalSection
	GlobalSection(ProjectConfigurationPlatforms) = postSolution
		{4BA68C00-CA39-4518-9DD8-ADC8F1D35A0B}.Debug|Any CPU.ActiveCfg = Debug|Any CPU
		{4BA68C00-CA39-4518-9DD8-ADC8F1D35A0B}.Debug|Any CPU.Build.0 = Debug|Any CPU
		{4BA68C00-CA39-4518-9DD8-ADC8F1D35A0B}.Release|Any CPU.ActiveCfg = Release|Any CPU
		{4BA68C00-CA39-4518-9DD8-ADC8F1D35A0B}.Release|Any CPU.Build.0 = Release|Any CPU
		{6D221467-93FC-410D-B813-99CDA865CFF0}.Debug|Any CPU.ActiveCfg = Debug|Any CPU
		{6D221467-93FC-410D-B813-99CDA865CFF0}.Debug|Any CPU.Build.0 = Debug|Any CPU
		{6D221467-93FC-410D-B813-99CDA865CFF0}.Release|Any CPU.ActiveCfg = Release|Any CPU
		{6D221467-93FC-410D-B813-99CDA865CFF0}.Release|Any CPU.Build.0 = Release|Any CPU
		{7F5EF711-EBDE-4942-83C8-61F0278B2C86}.Debug|Any CPU.ActiveCfg = Debug|Any CPU
		{7F5EF711-EBDE-4942-83C8-61F0278B2C86}.Debug|Any CPU.Build.0 = Debug|Any CPU
		{7F5EF711-EBDE-4942-83C8-61F0278B2C86}.Release|Any CPU.ActiveCfg = Release|Any CPU
		{7F5EF711-EBDE-4942-83C8-61F0278B2C86}.Release|Any CPU.Build.0 = Release|Any CPU
		{7A914B20-FE81-4B23-8BDD-9115D9F409C5}.Debug|Any CPU.ActiveCfg = Debug|Any CPU
		{7A914B20-FE81-4B23-8BDD-9115D9F409C5}.Debug|Any CPU.Build.0 = Debug|Any CPU
		{7A914B20-FE81-4B23-8BDD-9115D9F409C5}.Release|Any CPU.ActiveCfg = Release|Any CPU
		{7A914B20-FE81-4B23-8BDD-9115D9F409C5}.Release|Any CPU.Build.0 = Release|Any CPU
		{51E2B151-A186-486C-92D1-3E81B702043A}.Debug|Any CPU.ActiveCfg = Debug|Any CPU
		{51E2B151-A186-486C-92D1-3E81B702043A}.Debug|Any CPU.Build.0 = Debug|Any CPU
		{51E2B151-A186-486C-92D1-3E81B702043A}.Release|Any CPU.ActiveCfg = Release|Any CPU
		{51E2B151-A186-486C-92D1-3E81B702043A}.Release|Any CPU.Build.0 = Release|Any CPU
		{915DFFDA-9AF9-4079-BBD9-31BA43AE0783}.Debug|Any CPU.ActiveCfg = Debug|Any CPU
		{915DFFDA-9AF9-4079-BBD9-31BA43AE0783}.Debug|Any CPU.Build.0 = Debug|Any CPU
		{915DFFDA-9AF9-4079-BBD9-31BA43AE0783}.Release|Any CPU.ActiveCfg = Release|Any CPU
		{915DFFDA-9AF9-4079-BBD9-31BA43AE0783}.Release|Any CPU.Build.0 = Release|Any CPU
		{9369C6EC-4B85-4434-8238-67CA9ADE15F9}.Debug|Any CPU.ActiveCfg = Debug|Any CPU
		{9369C6EC-4B85-4434-8238-67CA9ADE15F9}.Debug|Any CPU.Build.0 = Debug|Any CPU
		{9369C6EC-4B85-4434-8238-67CA9ADE15F9}.Release|Any CPU.ActiveCfg = Release|Any CPU
		{9369C6EC-4B85-4434-8238-67CA9ADE15F9}.Release|Any CPU.Build.0 = Release|Any CPU
		{92FA22AA-94E6-4A6B-92E8-31D92FB63C4B}.Debug|Any CPU.ActiveCfg = Debug|Any CPU
		{92FA22AA-94E6-4A6B-92E8-31D92FB63C4B}.Debug|Any CPU.Build.0 = Debug|Any CPU
		{92FA22AA-94E6-4A6B-92E8-31D92FB63C4B}.Release|Any CPU.ActiveCfg = Release|Any CPU
		{92FA22AA-94E6-4A6B-92E8-31D92FB63C4B}.Release|Any CPU.Build.0 = Release|Any CPU
		{6A2AA3ED-BA40-4A54-A159-5D5B7C6EFBCD}.Debug|Any CPU.ActiveCfg = Debug|Any CPU
		{6A2AA3ED-BA40-4A54-A159-5D5B7C6EFBCD}.Debug|Any CPU.Build.0 = Debug|Any CPU
		{6A2AA3ED-BA40-4A54-A159-5D5B7C6EFBCD}.Release|Any CPU.ActiveCfg = Release|Any CPU
		{6A2AA3ED-BA40-4A54-A159-5D5B7C6EFBCD}.Release|Any CPU.Build.0 = Release|Any CPU
		{1BD0DD1C-8306-4FDE-82C1-B660B74C3B47}.Debug|Any CPU.ActiveCfg = Debug|Any CPU
		{1BD0DD1C-8306-4FDE-82C1-B660B74C3B47}.Debug|Any CPU.Build.0 = Debug|Any CPU
		{1BD0DD1C-8306-4FDE-82C1-B660B74C3B47}.Release|Any CPU.ActiveCfg = Release|Any CPU
		{1BD0DD1C-8306-4FDE-82C1-B660B74C3B47}.Release|Any CPU.Build.0 = Release|Any CPU
		{BA015A7B-A45C-44B5-8CE2-FF82CB4A19A2}.Debug|Any CPU.ActiveCfg = Debug|Any CPU
		{BA015A7B-A45C-44B5-8CE2-FF82CB4A19A2}.Debug|Any CPU.Build.0 = Debug|Any CPU
		{BA015A7B-A45C-44B5-8CE2-FF82CB4A19A2}.Release|Any CPU.ActiveCfg = Release|Any CPU
		{BA015A7B-A45C-44B5-8CE2-FF82CB4A19A2}.Release|Any CPU.Build.0 = Release|Any CPU
		{37F75E26-DCE2-4337-B2FE-19C7A5754B77}.Debug|Any CPU.ActiveCfg = Debug|Any CPU
		{37F75E26-DCE2-4337-B2FE-19C7A5754B77}.Debug|Any CPU.Build.0 = Debug|Any CPU
		{37F75E26-DCE2-4337-B2FE-19C7A5754B77}.Release|Any CPU.ActiveCfg = Release|Any CPU
		{37F75E26-DCE2-4337-B2FE-19C7A5754B77}.Release|Any CPU.Build.0 = Release|Any CPU
		{A63466A3-C73B-4D52-949A-B29833E6A0BF}.Debug|Any CPU.ActiveCfg = Debug|Any CPU
		{A63466A3-C73B-4D52-949A-B29833E6A0BF}.Debug|Any CPU.Build.0 = Debug|Any CPU
		{A63466A3-C73B-4D52-949A-B29833E6A0BF}.Release|Any CPU.ActiveCfg = Release|Any CPU
		{A63466A3-C73B-4D52-949A-B29833E6A0BF}.Release|Any CPU.Build.0 = Release|Any CPU
		{E2F88F57-3CC6-4CA8-ACBC-7F738BF03218}.Debug|Any CPU.ActiveCfg = Debug|Any CPU
		{E2F88F57-3CC6-4CA8-ACBC-7F738BF03218}.Debug|Any CPU.Build.0 = Debug|Any CPU
		{E2F88F57-3CC6-4CA8-ACBC-7F738BF03218}.Release|Any CPU.ActiveCfg = Release|Any CPU
		{E2F88F57-3CC6-4CA8-ACBC-7F738BF03218}.Release|Any CPU.Build.0 = Release|Any CPU
		{15F3FADB-E06E-43FF-AB53-DEF0198AECDF}.Debug|Any CPU.ActiveCfg = Debug|Any CPU
		{15F3FADB-E06E-43FF-AB53-DEF0198AECDF}.Debug|Any CPU.Build.0 = Debug|Any CPU
		{15F3FADB-E06E-43FF-AB53-DEF0198AECDF}.Release|Any CPU.ActiveCfg = Release|Any CPU
		{15F3FADB-E06E-43FF-AB53-DEF0198AECDF}.Release|Any CPU.Build.0 = Release|Any CPU
		{53D8D9B8-FF9F-49B3-A24E-9DEC8CDF713A}.Debug|Any CPU.ActiveCfg = Debug|Any CPU
		{53D8D9B8-FF9F-49B3-A24E-9DEC8CDF713A}.Debug|Any CPU.Build.0 = Debug|Any CPU
		{53D8D9B8-FF9F-49B3-A24E-9DEC8CDF713A}.Release|Any CPU.ActiveCfg = Release|Any CPU
		{53D8D9B8-FF9F-49B3-A24E-9DEC8CDF713A}.Release|Any CPU.Build.0 = Release|Any CPU
		{0768FAC6-EFF1-4EF2-9835-797CBBE71BE1}.Debug|Any CPU.ActiveCfg = Debug|Any CPU
		{0768FAC6-EFF1-4EF2-9835-797CBBE71BE1}.Debug|Any CPU.Build.0 = Debug|Any CPU
		{0768FAC6-EFF1-4EF2-9835-797CBBE71BE1}.Release|Any CPU.ActiveCfg = Release|Any CPU
		{0768FAC6-EFF1-4EF2-9835-797CBBE71BE1}.Release|Any CPU.Build.0 = Release|Any CPU
		{003A2191-2DEC-4E00-9F9F-6686ACC52FB6}.Debug|Any CPU.ActiveCfg = Debug|Any CPU
		{003A2191-2DEC-4E00-9F9F-6686ACC52FB6}.Debug|Any CPU.Build.0 = Debug|Any CPU
		{003A2191-2DEC-4E00-9F9F-6686ACC52FB6}.Release|Any CPU.ActiveCfg = Release|Any CPU
		{003A2191-2DEC-4E00-9F9F-6686ACC52FB6}.Release|Any CPU.Build.0 = Release|Any CPU
		{369EDE9E-1EFD-4102-B340-B2538AD3BC3F}.Debug|Any CPU.ActiveCfg = Debug|Any CPU
		{369EDE9E-1EFD-4102-B340-B2538AD3BC3F}.Debug|Any CPU.Build.0 = Debug|Any CPU
		{369EDE9E-1EFD-4102-B340-B2538AD3BC3F}.Release|Any CPU.ActiveCfg = Release|Any CPU
		{369EDE9E-1EFD-4102-B340-B2538AD3BC3F}.Release|Any CPU.Build.0 = Release|Any CPU
		{D1DD8A7C-DA43-4591-A1FF-66E7698A18CC}.Debug|Any CPU.ActiveCfg = Debug|Any CPU
		{D1DD8A7C-DA43-4591-A1FF-66E7698A18CC}.Debug|Any CPU.Build.0 = Debug|Any CPU
		{D1DD8A7C-DA43-4591-A1FF-66E7698A18CC}.Release|Any CPU.ActiveCfg = Release|Any CPU
		{D1DD8A7C-DA43-4591-A1FF-66E7698A18CC}.Release|Any CPU.Build.0 = Release|Any CPU
		{23D9DF4C-310F-454F-BA3E-43C1B8DB9F01}.Debug|Any CPU.ActiveCfg = Debug|Any CPU
		{23D9DF4C-310F-454F-BA3E-43C1B8DB9F01}.Debug|Any CPU.Build.0 = Debug|Any CPU
		{23D9DF4C-310F-454F-BA3E-43C1B8DB9F01}.Release|Any CPU.ActiveCfg = Release|Any CPU
		{23D9DF4C-310F-454F-BA3E-43C1B8DB9F01}.Release|Any CPU.Build.0 = Release|Any CPU
		{34DD5297-1F6C-4D7B-A670-21FCD4F445F6}.Debug|Any CPU.ActiveCfg = Debug|Any CPU
		{34DD5297-1F6C-4D7B-A670-21FCD4F445F6}.Debug|Any CPU.Build.0 = Debug|Any CPU
		{34DD5297-1F6C-4D7B-A670-21FCD4F445F6}.Release|Any CPU.ActiveCfg = Release|Any CPU
		{34DD5297-1F6C-4D7B-A670-21FCD4F445F6}.Release|Any CPU.Build.0 = Release|Any CPU
		{790FB4DC-D753-4B17-B2D6-16B7EAE56838}.Debug|Any CPU.ActiveCfg = Debug|Any CPU
		{790FB4DC-D753-4B17-B2D6-16B7EAE56838}.Debug|Any CPU.Build.0 = Debug|Any CPU
		{790FB4DC-D753-4B17-B2D6-16B7EAE56838}.Release|Any CPU.ActiveCfg = Release|Any CPU
		{790FB4DC-D753-4B17-B2D6-16B7EAE56838}.Release|Any CPU.Build.0 = Release|Any CPU
		{B7A7F199-A731-432B-BC24-93CB678D6215}.Debug|Any CPU.ActiveCfg = Debug|Any CPU
		{B7A7F199-A731-432B-BC24-93CB678D6215}.Debug|Any CPU.Build.0 = Debug|Any CPU
		{B7A7F199-A731-432B-BC24-93CB678D6215}.Release|Any CPU.ActiveCfg = Release|Any CPU
		{B7A7F199-A731-432B-BC24-93CB678D6215}.Release|Any CPU.Build.0 = Release|Any CPU
		{54AFD806-75E8-4B87-BD9A-80F5E49DA0C3}.Debug|Any CPU.ActiveCfg = Debug|Any CPU
		{54AFD806-75E8-4B87-BD9A-80F5E49DA0C3}.Debug|Any CPU.Build.0 = Debug|Any CPU
		{54AFD806-75E8-4B87-BD9A-80F5E49DA0C3}.Release|Any CPU.ActiveCfg = Release|Any CPU
		{54AFD806-75E8-4B87-BD9A-80F5E49DA0C3}.Release|Any CPU.Build.0 = Release|Any CPU
		{E808FCAD-41CF-42B9-B44C-6FA5853CCA2D}.Debug|Any CPU.ActiveCfg = Debug|Any CPU
		{E808FCAD-41CF-42B9-B44C-6FA5853CCA2D}.Debug|Any CPU.Build.0 = Debug|Any CPU
		{E808FCAD-41CF-42B9-B44C-6FA5853CCA2D}.Release|Any CPU.ActiveCfg = Release|Any CPU
		{E808FCAD-41CF-42B9-B44C-6FA5853CCA2D}.Release|Any CPU.Build.0 = Release|Any CPU
		{7F1281FD-E2DD-431A-B753-CEC35FC3BA5A}.Debug|Any CPU.ActiveCfg = Debug|Any CPU
		{7F1281FD-E2DD-431A-B753-CEC35FC3BA5A}.Debug|Any CPU.Build.0 = Debug|Any CPU
		{7F1281FD-E2DD-431A-B753-CEC35FC3BA5A}.Release|Any CPU.ActiveCfg = Release|Any CPU
		{7F1281FD-E2DD-431A-B753-CEC35FC3BA5A}.Release|Any CPU.Build.0 = Release|Any CPU
		{E7E9DEF2-6FB1-499B-8822-E7FA779529AB}.Debug|Any CPU.ActiveCfg = Debug|Any CPU
		{E7E9DEF2-6FB1-499B-8822-E7FA779529AB}.Debug|Any CPU.Build.0 = Debug|Any CPU
		{E7E9DEF2-6FB1-499B-8822-E7FA779529AB}.Release|Any CPU.ActiveCfg = Release|Any CPU
		{E7E9DEF2-6FB1-499B-8822-E7FA779529AB}.Release|Any CPU.Build.0 = Release|Any CPU
		{93705B07-360A-4942-8EDF-F0B50490D6E8}.Debug|Any CPU.ActiveCfg = Debug|Any CPU
		{93705B07-360A-4942-8EDF-F0B50490D6E8}.Debug|Any CPU.Build.0 = Debug|Any CPU
		{93705B07-360A-4942-8EDF-F0B50490D6E8}.Release|Any CPU.ActiveCfg = Release|Any CPU
		{93705B07-360A-4942-8EDF-F0B50490D6E8}.Release|Any CPU.Build.0 = Release|Any CPU
		{B24A1414-C78B-4376-99AC-56D11922119C}.Debug|Any CPU.ActiveCfg = Debug|Any CPU
		{B24A1414-C78B-4376-99AC-56D11922119C}.Debug|Any CPU.Build.0 = Debug|Any CPU
		{B24A1414-C78B-4376-99AC-56D11922119C}.Release|Any CPU.ActiveCfg = Release|Any CPU
		{B24A1414-C78B-4376-99AC-56D11922119C}.Release|Any CPU.Build.0 = Release|Any CPU
		{2E984BE8-2438-477C-A0EE-772D8EF7F7C9}.Debug|Any CPU.ActiveCfg = Debug|Any CPU
		{2E984BE8-2438-477C-A0EE-772D8EF7F7C9}.Debug|Any CPU.Build.0 = Debug|Any CPU
		{2E984BE8-2438-477C-A0EE-772D8EF7F7C9}.Release|Any CPU.ActiveCfg = Release|Any CPU
		{2E984BE8-2438-477C-A0EE-772D8EF7F7C9}.Release|Any CPU.Build.0 = Release|Any CPU
		{5256A9DF-B831-441C-ADFE-6398F07DC5B7}.Debug|Any CPU.ActiveCfg = Debug|Any CPU
		{5256A9DF-B831-441C-ADFE-6398F07DC5B7}.Debug|Any CPU.Build.0 = Debug|Any CPU
		{5256A9DF-B831-441C-ADFE-6398F07DC5B7}.Release|Any CPU.ActiveCfg = Release|Any CPU
		{5256A9DF-B831-441C-ADFE-6398F07DC5B7}.Release|Any CPU.Build.0 = Release|Any CPU
		{57E9A4CC-F781-47CE-8A2D-006D86186CF2}.Debug|Any CPU.ActiveCfg = Debug|Any CPU
		{57E9A4CC-F781-47CE-8A2D-006D86186CF2}.Debug|Any CPU.Build.0 = Debug|Any CPU
		{57E9A4CC-F781-47CE-8A2D-006D86186CF2}.Release|Any CPU.ActiveCfg = Release|Any CPU
		{57E9A4CC-F781-47CE-8A2D-006D86186CF2}.Release|Any CPU.Build.0 = Release|Any CPU
		{E9D48789-3CC0-49E1-A90E-66B8B4B8719C}.Debug|Any CPU.ActiveCfg = Debug|Any CPU
		{E9D48789-3CC0-49E1-A90E-66B8B4B8719C}.Debug|Any CPU.Build.0 = Debug|Any CPU
		{E9D48789-3CC0-49E1-A90E-66B8B4B8719C}.Release|Any CPU.ActiveCfg = Release|Any CPU
		{E9D48789-3CC0-49E1-A90E-66B8B4B8719C}.Release|Any CPU.Build.0 = Release|Any CPU
		{F003E43E-06B2-4A27-9BB3-CD16F22B5173}.Debug|Any CPU.ActiveCfg = Debug|Any CPU
		{F003E43E-06B2-4A27-9BB3-CD16F22B5173}.Debug|Any CPU.Build.0 = Debug|Any CPU
		{F003E43E-06B2-4A27-9BB3-CD16F22B5173}.Release|Any CPU.ActiveCfg = Release|Any CPU
		{F003E43E-06B2-4A27-9BB3-CD16F22B5173}.Release|Any CPU.Build.0 = Release|Any CPU
		{B6BDF9FF-BE68-42C3-8FA4-AF5829549176}.Debug|Any CPU.ActiveCfg = Debug|Any CPU
		{B6BDF9FF-BE68-42C3-8FA4-AF5829549176}.Debug|Any CPU.Build.0 = Debug|Any CPU
		{B6BDF9FF-BE68-42C3-8FA4-AF5829549176}.Release|Any CPU.ActiveCfg = Release|Any CPU
		{B6BDF9FF-BE68-42C3-8FA4-AF5829549176}.Release|Any CPU.Build.0 = Release|Any CPU
		{A15A1DF0-7778-4408-8705-38F9E3C65ECC}.Debug|Any CPU.ActiveCfg = Debug|Any CPU
		{A15A1DF0-7778-4408-8705-38F9E3C65ECC}.Debug|Any CPU.Build.0 = Debug|Any CPU
		{A15A1DF0-7778-4408-8705-38F9E3C65ECC}.Release|Any CPU.ActiveCfg = Release|Any CPU
		{A15A1DF0-7778-4408-8705-38F9E3C65ECC}.Release|Any CPU.Build.0 = Release|Any CPU
		{F727B32C-46A9-4ED3-8CF2-D97C878521D9}.Debug|Any CPU.ActiveCfg = Debug|Any CPU
		{F727B32C-46A9-4ED3-8CF2-D97C878521D9}.Debug|Any CPU.Build.0 = Debug|Any CPU
		{F727B32C-46A9-4ED3-8CF2-D97C878521D9}.Release|Any CPU.ActiveCfg = Release|Any CPU
		{F727B32C-46A9-4ED3-8CF2-D97C878521D9}.Release|Any CPU.Build.0 = Release|Any CPU
		{1B71868A-FE8A-40FA-9A50-A703A6EE8A74}.Debug|Any CPU.ActiveCfg = Debug|Any CPU
		{1B71868A-FE8A-40FA-9A50-A703A6EE8A74}.Debug|Any CPU.Build.0 = Debug|Any CPU
		{1B71868A-FE8A-40FA-9A50-A703A6EE8A74}.Release|Any CPU.ActiveCfg = Release|Any CPU
		{1B71868A-FE8A-40FA-9A50-A703A6EE8A74}.Release|Any CPU.Build.0 = Release|Any CPU
		{00B26B58-9C1E-4CA7-85C5-59B2A13AC007}.Debug|Any CPU.ActiveCfg = Debug|Any CPU
		{00B26B58-9C1E-4CA7-85C5-59B2A13AC007}.Debug|Any CPU.Build.0 = Debug|Any CPU
		{00B26B58-9C1E-4CA7-85C5-59B2A13AC007}.Release|Any CPU.ActiveCfg = Release|Any CPU
		{00B26B58-9C1E-4CA7-85C5-59B2A13AC007}.Release|Any CPU.Build.0 = Release|Any CPU
		{2DAC487C-8F5E-42D8-8E5F-458533FDD660}.Debug|Any CPU.ActiveCfg = Debug|Any CPU
		{2DAC487C-8F5E-42D8-8E5F-458533FDD660}.Debug|Any CPU.Build.0 = Debug|Any CPU
		{2DAC487C-8F5E-42D8-8E5F-458533FDD660}.Release|Any CPU.ActiveCfg = Release|Any CPU
		{2DAC487C-8F5E-42D8-8E5F-458533FDD660}.Release|Any CPU.Build.0 = Release|Any CPU
		{BD131913-F709-4789-9C0E-22B3E7BC91D9}.Debug|Any CPU.ActiveCfg = Debug|Any CPU
		{BD131913-F709-4789-9C0E-22B3E7BC91D9}.Debug|Any CPU.Build.0 = Debug|Any CPU
		{BD131913-F709-4789-9C0E-22B3E7BC91D9}.Release|Any CPU.ActiveCfg = Release|Any CPU
		{BD131913-F709-4789-9C0E-22B3E7BC91D9}.Release|Any CPU.Build.0 = Release|Any CPU
		{06B5FA5A-6008-4718-92D4-A3A0E76F1364}.Debug|Any CPU.ActiveCfg = Debug|Any CPU
		{06B5FA5A-6008-4718-92D4-A3A0E76F1364}.Debug|Any CPU.Build.0 = Debug|Any CPU
		{06B5FA5A-6008-4718-92D4-A3A0E76F1364}.Release|Any CPU.ActiveCfg = Release|Any CPU
		{06B5FA5A-6008-4718-92D4-A3A0E76F1364}.Release|Any CPU.Build.0 = Release|Any CPU
		{3EB59059-315A-4707-8B67-CBD788AE2E3C}.Debug|Any CPU.ActiveCfg = Debug|Any CPU
		{3EB59059-315A-4707-8B67-CBD788AE2E3C}.Debug|Any CPU.Build.0 = Debug|Any CPU
		{3EB59059-315A-4707-8B67-CBD788AE2E3C}.Release|Any CPU.ActiveCfg = Release|Any CPU
		{3EB59059-315A-4707-8B67-CBD788AE2E3C}.Release|Any CPU.Build.0 = Release|Any CPU
		{034BA036-BD01-467A-A692-A20E9AFFE3A4}.Debug|Any CPU.ActiveCfg = Debug|Any CPU
		{034BA036-BD01-467A-A692-A20E9AFFE3A4}.Debug|Any CPU.Build.0 = Debug|Any CPU
		{034BA036-BD01-467A-A692-A20E9AFFE3A4}.Release|Any CPU.ActiveCfg = Release|Any CPU
		{034BA036-BD01-467A-A692-A20E9AFFE3A4}.Release|Any CPU.Build.0 = Release|Any CPU
		{2C5AC0D4-5EB0-40A4-B72D-8D8160AE2E5D}.Debug|Any CPU.ActiveCfg = Debug|Any CPU
		{2C5AC0D4-5EB0-40A4-B72D-8D8160AE2E5D}.Debug|Any CPU.Build.0 = Debug|Any CPU
		{2C5AC0D4-5EB0-40A4-B72D-8D8160AE2E5D}.Release|Any CPU.ActiveCfg = Release|Any CPU
		{2C5AC0D4-5EB0-40A4-B72D-8D8160AE2E5D}.Release|Any CPU.Build.0 = Release|Any CPU
		{1DD4280E-DB8C-406D-83AE-F3F04483FFD7}.Debug|Any CPU.ActiveCfg = Debug|Any CPU
		{1DD4280E-DB8C-406D-83AE-F3F04483FFD7}.Debug|Any CPU.Build.0 = Debug|Any CPU
		{1DD4280E-DB8C-406D-83AE-F3F04483FFD7}.Release|Any CPU.ActiveCfg = Release|Any CPU
		{1DD4280E-DB8C-406D-83AE-F3F04483FFD7}.Release|Any CPU.Build.0 = Release|Any CPU
		{9DFC5466-90FD-46FB-BEA1-832EA589E35B}.Debug|Any CPU.ActiveCfg = Debug|Any CPU
		{9DFC5466-90FD-46FB-BEA1-832EA589E35B}.Debug|Any CPU.Build.0 = Debug|Any CPU
		{9DFC5466-90FD-46FB-BEA1-832EA589E35B}.Release|Any CPU.ActiveCfg = Release|Any CPU
		{9DFC5466-90FD-46FB-BEA1-832EA589E35B}.Release|Any CPU.Build.0 = Release|Any CPU
		{3DEBC7B7-9508-429B-9619-4E172861C404}.Debug|Any CPU.ActiveCfg = Debug|Any CPU
		{3DEBC7B7-9508-429B-9619-4E172861C404}.Debug|Any CPU.Build.0 = Debug|Any CPU
		{3DEBC7B7-9508-429B-9619-4E172861C404}.Release|Any CPU.ActiveCfg = Release|Any CPU
		{3DEBC7B7-9508-429B-9619-4E172861C404}.Release|Any CPU.Build.0 = Release|Any CPU
		{5CB5EFD8-B715-4981-BAB9-D638D73CA6E8}.Debug|Any CPU.ActiveCfg = Debug|Any CPU
		{5CB5EFD8-B715-4981-BAB9-D638D73CA6E8}.Debug|Any CPU.Build.0 = Debug|Any CPU
		{5CB5EFD8-B715-4981-BAB9-D638D73CA6E8}.Release|Any CPU.ActiveCfg = Release|Any CPU
		{5CB5EFD8-B715-4981-BAB9-D638D73CA6E8}.Release|Any CPU.Build.0 = Release|Any CPU
		{A323C82D-F01C-4B2D-916B-960D45A3DE61}.Debug|Any CPU.ActiveCfg = Debug|Any CPU
		{A323C82D-F01C-4B2D-916B-960D45A3DE61}.Debug|Any CPU.Build.0 = Debug|Any CPU
		{A323C82D-F01C-4B2D-916B-960D45A3DE61}.Release|Any CPU.ActiveCfg = Release|Any CPU
		{A323C82D-F01C-4B2D-916B-960D45A3DE61}.Release|Any CPU.Build.0 = Release|Any CPU
		{892B9564-04D0-4212-A974-B647235EB8E2}.Debug|Any CPU.ActiveCfg = Debug|Any CPU
		{892B9564-04D0-4212-A974-B647235EB8E2}.Debug|Any CPU.Build.0 = Debug|Any CPU
		{892B9564-04D0-4212-A974-B647235EB8E2}.Release|Any CPU.ActiveCfg = Release|Any CPU
		{892B9564-04D0-4212-A974-B647235EB8E2}.Release|Any CPU.Build.0 = Release|Any CPU
		{236AD64C-54EA-45BB-AEC3-E69B8FDE4C5B}.Debug|Any CPU.ActiveCfg = Debug|Any CPU
		{236AD64C-54EA-45BB-AEC3-E69B8FDE4C5B}.Debug|Any CPU.Build.0 = Debug|Any CPU
		{236AD64C-54EA-45BB-AEC3-E69B8FDE4C5B}.Release|Any CPU.ActiveCfg = Release|Any CPU
		{236AD64C-54EA-45BB-AEC3-E69B8FDE4C5B}.Release|Any CPU.Build.0 = Release|Any CPU
		{6E085614-A646-46B7-A048-319762471D45}.Debug|Any CPU.ActiveCfg = Debug|Any CPU
		{6E085614-A646-46B7-A048-319762471D45}.Debug|Any CPU.Build.0 = Debug|Any CPU
		{6E085614-A646-46B7-A048-319762471D45}.Release|Any CPU.ActiveCfg = Release|Any CPU
		{6E085614-A646-46B7-A048-319762471D45}.Release|Any CPU.Build.0 = Release|Any CPU
		{AE617238-8D5D-43EE-AEB1-90CCBD1B50A6}.Debug|Any CPU.ActiveCfg = Debug|Any CPU
		{AE617238-8D5D-43EE-AEB1-90CCBD1B50A6}.Debug|Any CPU.Build.0 = Debug|Any CPU
		{AE617238-8D5D-43EE-AEB1-90CCBD1B50A6}.Release|Any CPU.ActiveCfg = Release|Any CPU
		{AE617238-8D5D-43EE-AEB1-90CCBD1B50A6}.Release|Any CPU.Build.0 = Release|Any CPU
		{56B2D541-02E4-446F-AE2A-A736ED3CDBD5}.Debug|Any CPU.ActiveCfg = Debug|Any CPU
		{56B2D541-02E4-446F-AE2A-A736ED3CDBD5}.Debug|Any CPU.Build.0 = Debug|Any CPU
		{56B2D541-02E4-446F-AE2A-A736ED3CDBD5}.Release|Any CPU.ActiveCfg = Release|Any CPU
		{56B2D541-02E4-446F-AE2A-A736ED3CDBD5}.Release|Any CPU.Build.0 = Release|Any CPU
		{C69098FD-D998-4208-ACA1-0A3D85518B0B}.Debug|Any CPU.ActiveCfg = Debug|Any CPU
		{C69098FD-D998-4208-ACA1-0A3D85518B0B}.Debug|Any CPU.Build.0 = Debug|Any CPU
		{C69098FD-D998-4208-ACA1-0A3D85518B0B}.Release|Any CPU.ActiveCfg = Release|Any CPU
		{C69098FD-D998-4208-ACA1-0A3D85518B0B}.Release|Any CPU.Build.0 = Release|Any CPU
		{6A36EE00-B61C-4D70-939C-5635699C21A6}.Debug|Any CPU.ActiveCfg = Debug|Any CPU
		{6A36EE00-B61C-4D70-939C-5635699C21A6}.Debug|Any CPU.Build.0 = Debug|Any CPU
		{6A36EE00-B61C-4D70-939C-5635699C21A6}.Release|Any CPU.ActiveCfg = Release|Any CPU
		{6A36EE00-B61C-4D70-939C-5635699C21A6}.Release|Any CPU.Build.0 = Release|Any CPU
		{E150488F-6DD5-4A2D-8581-2060A282828F}.Debug|Any CPU.ActiveCfg = Debug|Any CPU
		{E150488F-6DD5-4A2D-8581-2060A282828F}.Debug|Any CPU.Build.0 = Debug|Any CPU
		{E150488F-6DD5-4A2D-8581-2060A282828F}.Release|Any CPU.ActiveCfg = Release|Any CPU
		{E150488F-6DD5-4A2D-8581-2060A282828F}.Release|Any CPU.Build.0 = Release|Any CPU
		{8E4B4261-A173-4355-AF87-AFC9D73FD935}.Debug|Any CPU.ActiveCfg = Debug|Any CPU
		{8E4B4261-A173-4355-AF87-AFC9D73FD935}.Debug|Any CPU.Build.0 = Debug|Any CPU
		{8E4B4261-A173-4355-AF87-AFC9D73FD935}.Release|Any CPU.ActiveCfg = Release|Any CPU
		{8E4B4261-A173-4355-AF87-AFC9D73FD935}.Release|Any CPU.Build.0 = Release|Any CPU
		{28F7A852-88CA-4E37-BA62-B97A0A0F7D8B}.Debug|Any CPU.ActiveCfg = Debug|Any CPU
		{28F7A852-88CA-4E37-BA62-B97A0A0F7D8B}.Debug|Any CPU.Build.0 = Debug|Any CPU
		{28F7A852-88CA-4E37-BA62-B97A0A0F7D8B}.Release|Any CPU.ActiveCfg = Release|Any CPU
		{28F7A852-88CA-4E37-BA62-B97A0A0F7D8B}.Release|Any CPU.Build.0 = Release|Any CPU
		{D975A73B-8197-4319-A67D-63A2FD3518A3}.Debug|Any CPU.ActiveCfg = Debug|Any CPU
		{D975A73B-8197-4319-A67D-63A2FD3518A3}.Debug|Any CPU.Build.0 = Debug|Any CPU
		{D975A73B-8197-4319-A67D-63A2FD3518A3}.Release|Any CPU.ActiveCfg = Release|Any CPU
		{D975A73B-8197-4319-A67D-63A2FD3518A3}.Release|Any CPU.Build.0 = Release|Any CPU
		{087BC4C9-0760-49A2-9D36-6D1CEE16E68F}.Debug|Any CPU.ActiveCfg = Debug|Any CPU
		{087BC4C9-0760-49A2-9D36-6D1CEE16E68F}.Debug|Any CPU.Build.0 = Debug|Any CPU
		{087BC4C9-0760-49A2-9D36-6D1CEE16E68F}.Release|Any CPU.ActiveCfg = Release|Any CPU
		{087BC4C9-0760-49A2-9D36-6D1CEE16E68F}.Release|Any CPU.Build.0 = Release|Any CPU
		{76928F41-5A59-408D-B30F-CF4140C6E53F}.Debug|Any CPU.ActiveCfg = Debug|Any CPU
		{76928F41-5A59-408D-B30F-CF4140C6E53F}.Debug|Any CPU.Build.0 = Debug|Any CPU
		{76928F41-5A59-408D-B30F-CF4140C6E53F}.Release|Any CPU.ActiveCfg = Release|Any CPU
		{76928F41-5A59-408D-B30F-CF4140C6E53F}.Release|Any CPU.Build.0 = Release|Any CPU
		{6FAA0489-4E0E-43EC-A71D-4094A01AEA7A}.Debug|Any CPU.ActiveCfg = Debug|Any CPU
		{6FAA0489-4E0E-43EC-A71D-4094A01AEA7A}.Debug|Any CPU.Build.0 = Debug|Any CPU
		{6FAA0489-4E0E-43EC-A71D-4094A01AEA7A}.Release|Any CPU.ActiveCfg = Release|Any CPU
		{6FAA0489-4E0E-43EC-A71D-4094A01AEA7A}.Release|Any CPU.Build.0 = Release|Any CPU
		{61EE68DC-2496-4873-AF16-0A680BCEEE5B}.Debug|Any CPU.ActiveCfg = Debug|Any CPU
		{61EE68DC-2496-4873-AF16-0A680BCEEE5B}.Debug|Any CPU.Build.0 = Debug|Any CPU
		{61EE68DC-2496-4873-AF16-0A680BCEEE5B}.Release|Any CPU.ActiveCfg = Release|Any CPU
		{61EE68DC-2496-4873-AF16-0A680BCEEE5B}.Release|Any CPU.Build.0 = Release|Any CPU
		{4AFBA6A9-405C-43DB-8808-0E916E27F5FF}.Debug|Any CPU.ActiveCfg = Debug|Any CPU
		{4AFBA6A9-405C-43DB-8808-0E916E27F5FF}.Debug|Any CPU.Build.0 = Debug|Any CPU
		{4AFBA6A9-405C-43DB-8808-0E916E27F5FF}.Release|Any CPU.ActiveCfg = Release|Any CPU
		{4AFBA6A9-405C-43DB-8808-0E916E27F5FF}.Release|Any CPU.Build.0 = Release|Any CPU
		{577B82A1-0D11-4B2C-B893-E0326C119AC7}.Debug|Any CPU.ActiveCfg = Debug|Any CPU
		{577B82A1-0D11-4B2C-B893-E0326C119AC7}.Debug|Any CPU.Build.0 = Debug|Any CPU
		{577B82A1-0D11-4B2C-B893-E0326C119AC7}.Release|Any CPU.ActiveCfg = Release|Any CPU
		{577B82A1-0D11-4B2C-B893-E0326C119AC7}.Release|Any CPU.Build.0 = Release|Any CPU
		{A3853A40-9446-4B87-94CA-F1B7A490BBA7}.Debug|Any CPU.ActiveCfg = Debug|Any CPU
		{A3853A40-9446-4B87-94CA-F1B7A490BBA7}.Debug|Any CPU.Build.0 = Debug|Any CPU
		{A3853A40-9446-4B87-94CA-F1B7A490BBA7}.Release|Any CPU.ActiveCfg = Release|Any CPU
		{A3853A40-9446-4B87-94CA-F1B7A490BBA7}.Release|Any CPU.Build.0 = Release|Any CPU
		{636097EB-1258-40FC-BE9B-F6C41CC90724}.Debug|Any CPU.ActiveCfg = Debug|Any CPU
		{636097EB-1258-40FC-BE9B-F6C41CC90724}.Debug|Any CPU.Build.0 = Debug|Any CPU
		{636097EB-1258-40FC-BE9B-F6C41CC90724}.Release|Any CPU.ActiveCfg = Release|Any CPU
		{636097EB-1258-40FC-BE9B-F6C41CC90724}.Release|Any CPU.Build.0 = Release|Any CPU
		{FEF185E4-ACDA-4CD9-9A3D-E4342F08142C}.Debug|Any CPU.ActiveCfg = Debug|Any CPU
		{FEF185E4-ACDA-4CD9-9A3D-E4342F08142C}.Debug|Any CPU.Build.0 = Debug|Any CPU
		{FEF185E4-ACDA-4CD9-9A3D-E4342F08142C}.Release|Any CPU.ActiveCfg = Release|Any CPU
		{FEF185E4-ACDA-4CD9-9A3D-E4342F08142C}.Release|Any CPU.Build.0 = Release|Any CPU
		{C506F47D-B78F-4239-A4CC-C1580F616A76}.Debug|Any CPU.ActiveCfg = Debug|Any CPU
		{C506F47D-B78F-4239-A4CC-C1580F616A76}.Debug|Any CPU.Build.0 = Debug|Any CPU
		{C506F47D-B78F-4239-A4CC-C1580F616A76}.Release|Any CPU.ActiveCfg = Release|Any CPU
		{C506F47D-B78F-4239-A4CC-C1580F616A76}.Release|Any CPU.Build.0 = Release|Any CPU
		{F32679A3-4B4C-4503-A065-7EA1478B5D22}.Debug|Any CPU.ActiveCfg = Debug|Any CPU
		{F32679A3-4B4C-4503-A065-7EA1478B5D22}.Debug|Any CPU.Build.0 = Debug|Any CPU
		{F32679A3-4B4C-4503-A065-7EA1478B5D22}.Release|Any CPU.ActiveCfg = Release|Any CPU
		{F32679A3-4B4C-4503-A065-7EA1478B5D22}.Release|Any CPU.Build.0 = Release|Any CPU
		{8D1EBF79-F51C-40B0-8043-E553D7A542BC}.Debug|Any CPU.ActiveCfg = Debug|Any CPU
		{8D1EBF79-F51C-40B0-8043-E553D7A542BC}.Debug|Any CPU.Build.0 = Debug|Any CPU
		{8D1EBF79-F51C-40B0-8043-E553D7A542BC}.Release|Any CPU.ActiveCfg = Release|Any CPU
		{8D1EBF79-F51C-40B0-8043-E553D7A542BC}.Release|Any CPU.Build.0 = Release|Any CPU
		{039110BF-771C-4C7C-BD08-EE37E5BD6482}.Debug|Any CPU.ActiveCfg = Debug|Any CPU
		{039110BF-771C-4C7C-BD08-EE37E5BD6482}.Debug|Any CPU.Build.0 = Debug|Any CPU
		{039110BF-771C-4C7C-BD08-EE37E5BD6482}.Release|Any CPU.ActiveCfg = Release|Any CPU
		{039110BF-771C-4C7C-BD08-EE37E5BD6482}.Release|Any CPU.Build.0 = Release|Any CPU
		{46081D13-69B5-4E01-BE05-6ECC0FC27E70}.Debug|Any CPU.ActiveCfg = Debug|Any CPU
		{46081D13-69B5-4E01-BE05-6ECC0FC27E70}.Debug|Any CPU.Build.0 = Debug|Any CPU
		{46081D13-69B5-4E01-BE05-6ECC0FC27E70}.Release|Any CPU.ActiveCfg = Release|Any CPU
		{46081D13-69B5-4E01-BE05-6ECC0FC27E70}.Release|Any CPU.Build.0 = Release|Any CPU
		{0251BECD-7D72-41E1-9D37-28C3FE099980}.Debug|Any CPU.ActiveCfg = Debug|Any CPU
		{0251BECD-7D72-41E1-9D37-28C3FE099980}.Debug|Any CPU.Build.0 = Debug|Any CPU
		{0251BECD-7D72-41E1-9D37-28C3FE099980}.Release|Any CPU.ActiveCfg = Release|Any CPU
		{0251BECD-7D72-41E1-9D37-28C3FE099980}.Release|Any CPU.Build.0 = Release|Any CPU
		{F39E5A6B-8919-446F-8D32-827F89D42407}.Debug|Any CPU.ActiveCfg = Debug|Any CPU
		{F39E5A6B-8919-446F-8D32-827F89D42407}.Debug|Any CPU.Build.0 = Debug|Any CPU
		{F39E5A6B-8919-446F-8D32-827F89D42407}.Release|Any CPU.ActiveCfg = Release|Any CPU
		{F39E5A6B-8919-446F-8D32-827F89D42407}.Release|Any CPU.Build.0 = Release|Any CPU
		{11198F81-4503-4CA5-98FC-EE4963FC5196}.Debug|Any CPU.ActiveCfg = Debug|Any CPU
		{11198F81-4503-4CA5-98FC-EE4963FC5196}.Debug|Any CPU.Build.0 = Debug|Any CPU
		{11198F81-4503-4CA5-98FC-EE4963FC5196}.Release|Any CPU.ActiveCfg = Release|Any CPU
		{11198F81-4503-4CA5-98FC-EE4963FC5196}.Release|Any CPU.Build.0 = Release|Any CPU
		{3174F200-F3CE-4073-A057-0F6228A7D2C1}.Debug|Any CPU.ActiveCfg = Debug|Any CPU
		{3174F200-F3CE-4073-A057-0F6228A7D2C1}.Debug|Any CPU.Build.0 = Debug|Any CPU
		{3174F200-F3CE-4073-A057-0F6228A7D2C1}.Release|Any CPU.ActiveCfg = Release|Any CPU
		{3174F200-F3CE-4073-A057-0F6228A7D2C1}.Release|Any CPU.Build.0 = Release|Any CPU
		{435E1647-4B7A-4CDF-A0A2-36BF9F6152A8}.Debug|Any CPU.ActiveCfg = Debug|Any CPU
		{435E1647-4B7A-4CDF-A0A2-36BF9F6152A8}.Debug|Any CPU.Build.0 = Debug|Any CPU
		{435E1647-4B7A-4CDF-A0A2-36BF9F6152A8}.Release|Any CPU.ActiveCfg = Release|Any CPU
		{435E1647-4B7A-4CDF-A0A2-36BF9F6152A8}.Release|Any CPU.Build.0 = Release|Any CPU
		{BD28B3BE-C001-4D7E-B7FC-53EE2B06F788}.Debug|Any CPU.ActiveCfg = Debug|Any CPU
		{BD28B3BE-C001-4D7E-B7FC-53EE2B06F788}.Debug|Any CPU.Build.0 = Debug|Any CPU
		{BD28B3BE-C001-4D7E-B7FC-53EE2B06F788}.Release|Any CPU.ActiveCfg = Release|Any CPU
		{BD28B3BE-C001-4D7E-B7FC-53EE2B06F788}.Release|Any CPU.Build.0 = Release|Any CPU
		{4455B678-706F-4964-8780-51AA805AEA94}.Debug|Any CPU.ActiveCfg = Debug|Any CPU
		{4455B678-706F-4964-8780-51AA805AEA94}.Debug|Any CPU.Build.0 = Debug|Any CPU
		{4455B678-706F-4964-8780-51AA805AEA94}.Release|Any CPU.ActiveCfg = Release|Any CPU
		{4455B678-706F-4964-8780-51AA805AEA94}.Release|Any CPU.Build.0 = Release|Any CPU
		{C20A6161-A049-4615-B324-5A6BF2367E62}.Debug|Any CPU.ActiveCfg = Debug|Any CPU
		{C20A6161-A049-4615-B324-5A6BF2367E62}.Debug|Any CPU.Build.0 = Debug|Any CPU
		{C20A6161-A049-4615-B324-5A6BF2367E62}.Release|Any CPU.ActiveCfg = Release|Any CPU
		{C20A6161-A049-4615-B324-5A6BF2367E62}.Release|Any CPU.Build.0 = Release|Any CPU
		{8DE07113-C3F0-482E-8137-6A9E6AED2883}.Debug|Any CPU.ActiveCfg = Debug|Any CPU
		{8DE07113-C3F0-482E-8137-6A9E6AED2883}.Debug|Any CPU.Build.0 = Debug|Any CPU
		{8DE07113-C3F0-482E-8137-6A9E6AED2883}.Release|Any CPU.ActiveCfg = Release|Any CPU
		{8DE07113-C3F0-482E-8137-6A9E6AED2883}.Release|Any CPU.Build.0 = Release|Any CPU
		{8A01E3F5-0D60-4D92-8EDB-6DDB00847B05}.Debug|Any CPU.ActiveCfg = Debug|Any CPU
		{8A01E3F5-0D60-4D92-8EDB-6DDB00847B05}.Debug|Any CPU.Build.0 = Debug|Any CPU
		{8A01E3F5-0D60-4D92-8EDB-6DDB00847B05}.Release|Any CPU.ActiveCfg = Release|Any CPU
		{8A01E3F5-0D60-4D92-8EDB-6DDB00847B05}.Release|Any CPU.Build.0 = Release|Any CPU
		{14E0AAA2-B4BE-4626-9BF1-303ABF45789C}.Debug|Any CPU.ActiveCfg = Debug|Any CPU
		{14E0AAA2-B4BE-4626-9BF1-303ABF45789C}.Debug|Any CPU.Build.0 = Debug|Any CPU
		{14E0AAA2-B4BE-4626-9BF1-303ABF45789C}.Release|Any CPU.ActiveCfg = Release|Any CPU
		{14E0AAA2-B4BE-4626-9BF1-303ABF45789C}.Release|Any CPU.Build.0 = Release|Any CPU
		{E21BA6AC-3B2C-41CE-B0B7-4892A39F04C5}.Debug|Any CPU.ActiveCfg = Debug|Any CPU
		{E21BA6AC-3B2C-41CE-B0B7-4892A39F04C5}.Debug|Any CPU.Build.0 = Debug|Any CPU
		{E21BA6AC-3B2C-41CE-B0B7-4892A39F04C5}.Release|Any CPU.ActiveCfg = Release|Any CPU
		{E21BA6AC-3B2C-41CE-B0B7-4892A39F04C5}.Release|Any CPU.Build.0 = Release|Any CPU
		{06E8187C-C79B-4F8E-A207-27CAF82615B1}.Debug|Any CPU.ActiveCfg = Debug|Any CPU
		{06E8187C-C79B-4F8E-A207-27CAF82615B1}.Debug|Any CPU.Build.0 = Debug|Any CPU
		{06E8187C-C79B-4F8E-A207-27CAF82615B1}.Release|Any CPU.ActiveCfg = Release|Any CPU
		{06E8187C-C79B-4F8E-A207-27CAF82615B1}.Release|Any CPU.Build.0 = Release|Any CPU
		{AA1CA8A5-2159-4CCD-9122-0B1B89E0CCCD}.Debug|Any CPU.ActiveCfg = Debug|Any CPU
		{AA1CA8A5-2159-4CCD-9122-0B1B89E0CCCD}.Debug|Any CPU.Build.0 = Debug|Any CPU
		{AA1CA8A5-2159-4CCD-9122-0B1B89E0CCCD}.Release|Any CPU.ActiveCfg = Release|Any CPU
		{AA1CA8A5-2159-4CCD-9122-0B1B89E0CCCD}.Release|Any CPU.Build.0 = Release|Any CPU
		{79BC54AF-7198-49A0-B272-EB02C4F8B3B8}.Debug|Any CPU.ActiveCfg = Debug|Any CPU
		{79BC54AF-7198-49A0-B272-EB02C4F8B3B8}.Debug|Any CPU.Build.0 = Debug|Any CPU
		{79BC54AF-7198-49A0-B272-EB02C4F8B3B8}.Release|Any CPU.ActiveCfg = Release|Any CPU
		{79BC54AF-7198-49A0-B272-EB02C4F8B3B8}.Release|Any CPU.Build.0 = Release|Any CPU
		{789B92C7-BB3C-4F65-A662-F595B00C39D1}.Debug|Any CPU.ActiveCfg = Debug|Any CPU
		{789B92C7-BB3C-4F65-A662-F595B00C39D1}.Debug|Any CPU.Build.0 = Debug|Any CPU
		{789B92C7-BB3C-4F65-A662-F595B00C39D1}.Release|Any CPU.ActiveCfg = Release|Any CPU
		{789B92C7-BB3C-4F65-A662-F595B00C39D1}.Release|Any CPU.Build.0 = Release|Any CPU
		{0B15E8FF-017A-4034-9B67-C40F3FF5A50B}.Debug|Any CPU.ActiveCfg = Debug|Any CPU
		{0B15E8FF-017A-4034-9B67-C40F3FF5A50B}.Debug|Any CPU.Build.0 = Debug|Any CPU
		{0B15E8FF-017A-4034-9B67-C40F3FF5A50B}.Release|Any CPU.ActiveCfg = Release|Any CPU
		{0B15E8FF-017A-4034-9B67-C40F3FF5A50B}.Release|Any CPU.Build.0 = Release|Any CPU
		{1B985E99-27B0-4143-BEBE-1A6685D6137F}.Debug|Any CPU.ActiveCfg = Debug|Any CPU
		{1B985E99-27B0-4143-BEBE-1A6685D6137F}.Debug|Any CPU.Build.0 = Debug|Any CPU
		{1B985E99-27B0-4143-BEBE-1A6685D6137F}.Release|Any CPU.ActiveCfg = Release|Any CPU
		{1B985E99-27B0-4143-BEBE-1A6685D6137F}.Release|Any CPU.Build.0 = Release|Any CPU
		{D17470E7-DF89-44E0-9C48-31DD9FA8E83F}.Debug|Any CPU.ActiveCfg = Debug|Any CPU
		{D17470E7-DF89-44E0-9C48-31DD9FA8E83F}.Debug|Any CPU.Build.0 = Debug|Any CPU
		{D17470E7-DF89-44E0-9C48-31DD9FA8E83F}.Release|Any CPU.ActiveCfg = Release|Any CPU
		{D17470E7-DF89-44E0-9C48-31DD9FA8E83F}.Release|Any CPU.Build.0 = Release|Any CPU
		{AA2AF10E-E4E0-4ED9-A55D-4B417FCC85D8}.Debug|Any CPU.ActiveCfg = Debug|Any CPU
		{AA2AF10E-E4E0-4ED9-A55D-4B417FCC85D8}.Debug|Any CPU.Build.0 = Debug|Any CPU
		{AA2AF10E-E4E0-4ED9-A55D-4B417FCC85D8}.Release|Any CPU.ActiveCfg = Release|Any CPU
		{AA2AF10E-E4E0-4ED9-A55D-4B417FCC85D8}.Release|Any CPU.Build.0 = Release|Any CPU
		{8BE80681-F5AA-4DF2-BD44-E655BC766AEB}.Debug|Any CPU.ActiveCfg = Debug|Any CPU
		{8BE80681-F5AA-4DF2-BD44-E655BC766AEB}.Debug|Any CPU.Build.0 = Debug|Any CPU
		{8BE80681-F5AA-4DF2-BD44-E655BC766AEB}.Release|Any CPU.ActiveCfg = Release|Any CPU
		{8BE80681-F5AA-4DF2-BD44-E655BC766AEB}.Release|Any CPU.Build.0 = Release|Any CPU
		{2FEF4894-BB10-4A3B-A8D2-13161B400509}.Debug|Any CPU.ActiveCfg = Debug|Any CPU
		{2FEF4894-BB10-4A3B-A8D2-13161B400509}.Debug|Any CPU.Build.0 = Debug|Any CPU
		{2FEF4894-BB10-4A3B-A8D2-13161B400509}.Release|Any CPU.ActiveCfg = Release|Any CPU
		{2FEF4894-BB10-4A3B-A8D2-13161B400509}.Release|Any CPU.Build.0 = Release|Any CPU
		{42A4B89C-7988-451E-974F-9C3DE42A375A}.Debug|Any CPU.ActiveCfg = Debug|Any CPU
		{42A4B89C-7988-451E-974F-9C3DE42A375A}.Debug|Any CPU.Build.0 = Debug|Any CPU
		{42A4B89C-7988-451E-974F-9C3DE42A375A}.Release|Any CPU.ActiveCfg = Release|Any CPU
		{42A4B89C-7988-451E-974F-9C3DE42A375A}.Release|Any CPU.Build.0 = Release|Any CPU
		{891E2459-3667-4442-92DB-B05D33D17A9C}.Debug|Any CPU.ActiveCfg = Debug|Any CPU
		{891E2459-3667-4442-92DB-B05D33D17A9C}.Debug|Any CPU.Build.0 = Debug|Any CPU
		{891E2459-3667-4442-92DB-B05D33D17A9C}.Release|Any CPU.ActiveCfg = Release|Any CPU
		{891E2459-3667-4442-92DB-B05D33D17A9C}.Release|Any CPU.Build.0 = Release|Any CPU
		{733F02B0-913A-41DB-9B82-162E2B6D6EAE}.Debug|Any CPU.ActiveCfg = Debug|Any CPU
		{733F02B0-913A-41DB-9B82-162E2B6D6EAE}.Debug|Any CPU.Build.0 = Debug|Any CPU
		{733F02B0-913A-41DB-9B82-162E2B6D6EAE}.Release|Any CPU.ActiveCfg = Release|Any CPU
		{733F02B0-913A-41DB-9B82-162E2B6D6EAE}.Release|Any CPU.Build.0 = Release|Any CPU
		{1E39A737-97A3-4199-80A4-6A7C9234DFFD}.Debug|Any CPU.ActiveCfg = Debug|Any CPU
		{1E39A737-97A3-4199-80A4-6A7C9234DFFD}.Debug|Any CPU.Build.0 = Debug|Any CPU
		{1E39A737-97A3-4199-80A4-6A7C9234DFFD}.Release|Any CPU.ActiveCfg = Release|Any CPU
		{1E39A737-97A3-4199-80A4-6A7C9234DFFD}.Release|Any CPU.Build.0 = Release|Any CPU
		{BD66C9BA-2462-403F-84A1-806601FC948E}.Debug|Any CPU.ActiveCfg = Debug|Any CPU
		{BD66C9BA-2462-403F-84A1-806601FC948E}.Debug|Any CPU.Build.0 = Debug|Any CPU
		{BD66C9BA-2462-403F-84A1-806601FC948E}.Release|Any CPU.ActiveCfg = Release|Any CPU
		{BD66C9BA-2462-403F-84A1-806601FC948E}.Release|Any CPU.Build.0 = Release|Any CPU
		{8E006099-2CBC-4F13-AE31-6DCC35E40E18}.Debug|Any CPU.ActiveCfg = Debug|Any CPU
		{8E006099-2CBC-4F13-AE31-6DCC35E40E18}.Debug|Any CPU.Build.0 = Debug|Any CPU
		{8E006099-2CBC-4F13-AE31-6DCC35E40E18}.Release|Any CPU.ActiveCfg = Release|Any CPU
		{8E006099-2CBC-4F13-AE31-6DCC35E40E18}.Release|Any CPU.Build.0 = Release|Any CPU
		{5FD5743B-E4C2-4AF4-B379-11102BEEFB7E}.Debug|Any CPU.ActiveCfg = Debug|Any CPU
		{5FD5743B-E4C2-4AF4-B379-11102BEEFB7E}.Debug|Any CPU.Build.0 = Debug|Any CPU
		{5FD5743B-E4C2-4AF4-B379-11102BEEFB7E}.Release|Any CPU.ActiveCfg = Release|Any CPU
		{5FD5743B-E4C2-4AF4-B379-11102BEEFB7E}.Release|Any CPU.Build.0 = Release|Any CPU
		{1CB94F3D-D510-4279-AE8C-5C69D0FB56FF}.Debug|Any CPU.ActiveCfg = Debug|Any CPU
		{1CB94F3D-D510-4279-AE8C-5C69D0FB56FF}.Debug|Any CPU.Build.0 = Debug|Any CPU
		{1CB94F3D-D510-4279-AE8C-5C69D0FB56FF}.Release|Any CPU.ActiveCfg = Release|Any CPU
		{1CB94F3D-D510-4279-AE8C-5C69D0FB56FF}.Release|Any CPU.Build.0 = Release|Any CPU
		{484FFAAC-455D-4E2F-B444-136F273A3708}.Debug|Any CPU.ActiveCfg = Debug|Any CPU
		{484FFAAC-455D-4E2F-B444-136F273A3708}.Debug|Any CPU.Build.0 = Debug|Any CPU
		{484FFAAC-455D-4E2F-B444-136F273A3708}.Release|Any CPU.ActiveCfg = Release|Any CPU
		{484FFAAC-455D-4E2F-B444-136F273A3708}.Release|Any CPU.Build.0 = Release|Any CPU
		{7F1705BC-EA8C-4EBA-AF3A-7BB621CF2878}.Debug|Any CPU.ActiveCfg = Debug|Any CPU
		{7F1705BC-EA8C-4EBA-AF3A-7BB621CF2878}.Debug|Any CPU.Build.0 = Debug|Any CPU
		{7F1705BC-EA8C-4EBA-AF3A-7BB621CF2878}.Release|Any CPU.ActiveCfg = Release|Any CPU
		{7F1705BC-EA8C-4EBA-AF3A-7BB621CF2878}.Release|Any CPU.Build.0 = Release|Any CPU
		{3C6C7518-42E0-4804-A13D-29E31F01C28C}.Debug|Any CPU.ActiveCfg = Debug|Any CPU
		{3C6C7518-42E0-4804-A13D-29E31F01C28C}.Debug|Any CPU.Build.0 = Debug|Any CPU
		{3C6C7518-42E0-4804-A13D-29E31F01C28C}.Release|Any CPU.ActiveCfg = Release|Any CPU
		{3C6C7518-42E0-4804-A13D-29E31F01C28C}.Release|Any CPU.Build.0 = Release|Any CPU
		{5B402057-705B-4898-982A-20BCFBB34C82}.Debug|Any CPU.ActiveCfg = Debug|Any CPU
		{5B402057-705B-4898-982A-20BCFBB34C82}.Debug|Any CPU.Build.0 = Debug|Any CPU
		{5B402057-705B-4898-982A-20BCFBB34C82}.Release|Any CPU.ActiveCfg = Release|Any CPU
		{5B402057-705B-4898-982A-20BCFBB34C82}.Release|Any CPU.Build.0 = Release|Any CPU
	EndGlobalSection
	GlobalSection(SolutionProperties) = preSolution
		HideSolutionNode = FALSE
	EndGlobalSection
	GlobalSection(ExtensibilityGlobals) = postSolution
		SolutionGuid = {E90D2243-48CB-4141-9A3F-CE79F0D99A67}
	EndGlobalSection
EndGlobal
